[[package]]
name = "amaranth"
version = "0.4.dev29+g9857039.dirty"
description = "Amaranth hardware definition language"
category = "main"
optional = false
python-versions = "~=3.7"
develop = false

[package.dependencies]
Jinja2 = ">=3.0,<4.0"
pyvcd = ">=0.2.2,<0.4"

[package.extras]
builtin-yosys = ["amaranth-yosys (>=0.10)"]
remote-build = ["paramiko (>=2.7,<3.0)"]

[package.source]
type = "git"
url = "https://github.com/amaranth-lang/amaranth.git"
reference = "main"
resolved_reference = "9857039a6bc0d8e581ab022cd454f8eea85dc435"

[[package]]
name = "amaranth-boards"
version = "0.1.dev208+g2d0a23b"
description = "Board and connector definitions for Amaranth HDL"
category = "main"
optional = false
python-versions = "*"
develop = false

[package.dependencies]
amaranth = ">=0.2,<0.5"

[package.source]
type = "git"
url = "https://github.com/amaranth-lang/amaranth-boards.git"
reference = "main"
resolved_reference = "2d0a23b75ebb769874719297dec65ff07ca9e79f"

[[package]]
name = "amaranth-soc"
version = "0.1.dev49+g217d4ea"
description = "System on Chip toolkit for Amaranth HDL"
category = "main"
optional = false
python-versions = "*"
develop = false

[package.dependencies]
amaranth = ">=0.2,<0.5"

[package.source]
type = "git"
url = "https://github.com/amaranth-lang/amaranth-soc.git"
reference = "main"
resolved_reference = "217d4ea76ad3b3bbf146980d168bc7b3b9d95a18"

[[package]]
name = "amaranth-stdio"
version = "0.1.dev11+gae74f17"
description = "Industry standard I/O for Amaranth HDL"
category = "main"
optional = false
python-versions = "*"
develop = false

[package.dependencies]
amaranth = ">=0.2,<0.5"

[package.source]
type = "git"
url = "https://github.com/amaranth-lang/amaranth-stdio.git"
reference = "main"
resolved_reference = "ae74f176b6ca32b24ab08325159a19318711a5a9"

[[package]]
name = "apollo-fpga"
version = "0.0.5"
description = "host tools for Apollo FPGA debug controllers"
category = "main"
optional = false
python-versions = ">=3.7,<4.0"

[package.dependencies]
pyusb = ">=1.1.1,<2.0.0"
pyvcd = ">=0.2.4,<0.3.0"

[[package]]
name = "attrs"
version = "22.1.0"
description = "Classes Without Boilerplate"
category = "main"
optional = false
python-versions = ">=3.5"

[package.extras]
dev = ["cloudpickle", "coverage[toml] (>=5.0.2)", "furo", "hypothesis", "mypy (>=0.900,!=0.940)", "pre-commit", "pympler", "pytest (>=4.3.0)", "pytest-mypy-plugins", "sphinx", "sphinx-notfound-page", "zope.interface"]
docs = ["furo", "sphinx", "sphinx-notfound-page", "zope.interface"]
tests = ["cloudpickle", "coverage[toml] (>=5.0.2)", "hypothesis", "mypy (>=0.900,!=0.940)", "pympler", "pytest (>=4.3.0)", "pytest-mypy-plugins", "zope.interface"]
tests_no_zope = ["cloudpickle", "coverage[toml] (>=5.0.2)", "hypothesis", "mypy (>=0.900,!=0.940)", "pympler", "pytest (>=4.3.0)", "pytest-mypy-plugins"]

[[package]]
name = "certifi"
version = "2022.9.24"
description = "Python package for providing Mozilla's CA Bundle."
category = "main"
optional = false
python-versions = ">=3.6"

[[package]]
name = "charset-normalizer"
version = "2.1.1"
description = "The Real First Universal Charset Detector. Open, modern and actively maintained alternative to Chardet."
category = "main"
optional = false
python-versions = ">=3.6.0"

[package.extras]
unicode_backport = ["unicodedata2"]

[[package]]
name = "cocotb"
version = "1.7.1"
description = "cocotb is a coroutine based cosimulation library for writing VHDL and Verilog testbenches in Python."
category = "main"
optional = false
python-versions = ">=3.6"

[package.extras]
bus = ["cocotb-bus"]

[[package]]
name = "cocotb-test"
version = "0.2.2"
description = ""
category = "main"
optional = false
python-versions = ">=3.7"
develop = false

[package.dependencies]
cocotb = ">=1.5"
pytest = "*"

[package.source]
type = "git"
url = "https://github.com/nelgau/cocotb-test.git"
reference = "master"
resolved_reference = "1acba0644139fc776ec113b84042359b058f6640"

[[package]]
name = "colorama"
version = "0.4.5"
description = "Cross-platform colored terminal text."
category = "main"
optional = false
python-versions = ">=2.7, !=3.0.*, !=3.1.*, !=3.2.*, !=3.3.*, !=3.4.*"

[[package]]
name = "construct"
version = "2.10.68"
description = "A powerful declarative symmetric parser/builder for binary data"
category = "main"
optional = false
python-versions = ">=3.6"

[package.extras]
extras = ["arrow", "cloudpickle", "enum34", "lz4", "numpy", "ruamel.yaml"]

[[package]]
name = "idna"
version = "3.4"
description = "Internationalized Domain Names in Applications (IDNA)"
category = "main"
optional = false
python-versions = ">=3.5"

[[package]]
name = "iniconfig"
version = "1.1.1"
description = "iniconfig: brain-dead simple config-ini parsing"
category = "main"
optional = false
python-versions = "*"

[[package]]
name = "Jinja2"
version = "3.1.2"
description = "A very fast and expressive template engine."
category = "main"
optional = false
python-versions = ">=3.7"

[package.dependencies]
MarkupSafe = ">=2.0"

[package.extras]
i18n = ["Babel (>=2.7)"]

[[package]]
name = "lambdasoc"
version = "0.1.dev70+g2d9340c"
description = "A framework for building SoCs with Amaranth"
category = "main"
optional = false
python-versions = "*"
develop = false

[package.dependencies]
amaranth = ">=0.3"
amaranth-boards = "*"
amaranth-soc = "*"
amaranth-stdio = "*"
jinja2 = ">=3.0"
litedram = "*"
litex = "*"
migen = "*"
minerva = "*"

[package.extras]
SFL = ["asyncserial"]

[package.source]
type = "git"
url = "https://github.com/nelgau/lambdasoc.git"
reference = "fix-compiler-rt"
resolved_reference = "2d9340cf292102ecb88fa6db7cb72e9cbd2408d7"

[[package]]
name = "libusb1"
version = "1.9.3"
description = "Pure-python wrapper for libusb-1.0"
category = "main"
optional = false
python-versions = "*"

[[package]]
name = "litedram"
version = "0.0.0"
description = "Small footprint and configurable DRAM core"
category = "main"
optional = false
python-versions = "~=3.6"
develop = false

[package.dependencies]
pyyaml = "*"

[package.source]
type = "git"
url = "https://github.com/enjoy-digital/litedram.git"
reference = "HEAD"
resolved_reference = "ae0763e252499ecf40af58cf31552784c2568cd6"

[[package]]
name = "litesdcard"
version = "0.0.0"
description = "Small footprint and configurable SD Card core"
category = "main"
optional = false
python-versions = "~=3.6"
develop = false

[package.source]
type = "git"
url = "https://github.com/enjoy-digital/litesdcard.git"
reference = "HEAD"
resolved_reference = "f7058d59703591d95c625fdd3ee6a2ea39ad2cf0"

[[package]]
name = "litex"
version = "0.0.0"
description = "Python SoC/Core builder for building FPGA based systems."
category = "main"
optional = false
python-versions = "~=3.6"
develop = false

[package.dependencies]
pyserial = "*"
requests = "*"

[package.source]
type = "git"
url = "https://github.com/enjoy-digital/litex"
reference = "HEAD"
resolved_reference = "ac3699770c27e43a6dfafa018153a1852758bf07"

[[package]]
name = "luna"
version = "0.1.0-dev.0"
description = "Amaranth HDL framework for FPGA-based USB solutions"
category = "main"
optional = false
python-versions = "^3.7"
develop = false

[package.dependencies]
amaranth = {git = "https://github.com/amaranth-lang/amaranth.git", branch = "main"}
amaranth-boards = {git = "https://github.com/amaranth-lang/amaranth-boards.git", branch = "main"}
amaranth-soc = {git = "https://github.com/amaranth-lang/amaranth-soc.git", branch = "main"}
apollo-fpga = "^0.0.5"
libusb1 = "^1.9.2"
pyserial = "^3.5"
pyusb = "^1.1.1"
pyvcd = "^0.2.4"
usb-protocol = {git = "https://github.com/usb-tools/python-usb-protocol"}
ziglang = "^0.8.0"

[package.source]
type = "git"
url = "https://github.com/greatscottgadgets/luna.git"
reference = "main"
resolved_reference = "fa6767325267161a94e6002c16189d10003431c0"

[[package]]
name = "MarkupSafe"
version = "2.1.1"
description = "Safely add untrusted strings to HTML/XML markup."
category = "main"
optional = false
python-versions = ">=3.7"

[[package]]
name = "migen"
version = "0.9.2"
description = "Python toolbox for building complex digital hardware"
category = "main"
optional = false
python-versions = "*"
develop = false

[package.dependencies]
colorama = "*"

[package.source]
type = "git"
url = "https://github.com/m-labs/migen.git"
reference = "master"
resolved_reference = "639e66f4f453438e83d86dc13491b9403bbd8ec6"

[[package]]
name = "minerva"
version = "0.1"
description = "A 32-bit RISC-V soft processor"
category = "main"
optional = false
python-versions = ">=3.7"
develop = false

[package.dependencies]
amaranth = ">=0.3,<0.5"

[package.extras]
debug = ["jtagtap"]

[package.source]
type = "git"
url = "https://github.com/minerva-cpu/minerva.git"
reference = "HEAD"
resolved_reference = "08251daae42ec8cfc54fb82865a5942727186192"

[[package]]
name = "packaging"
version = "21.3"
description = "Core utilities for Python packages"
category = "main"
optional = false
python-versions = ">=3.6"

[package.dependencies]
pyparsing = ">=2.0.2,<3.0.5 || >3.0.5"

[[package]]
name = "pluggy"
version = "1.0.0"
description = "plugin and hook calling mechanisms for python"
category = "main"
optional = false
python-versions = ">=3.6"

[package.extras]
dev = ["pre-commit", "tox"]
testing = ["pytest", "pytest-benchmark"]

[[package]]
name = "py"
version = "1.11.0"
description = "library with cross-python path, ini-parsing, io, code, log facilities"
category = "main"
optional = false
python-versions = ">=2.7, !=3.0.*, !=3.1.*, !=3.2.*, !=3.3.*, !=3.4.*"

[[package]]
name = "pyftdi"
version = "0.53.3"
description = "FTDI device driver (pure Python)"
category = "main"
optional = false
python-versions = ">=3.6"

[package.dependencies]
pyserial = ">=3.0"
pyusb = ">=1.0.0,<1.2.0 || >1.2.0"

[[package]]
name = "pyparsing"
version = "3.0.9"
description = "pyparsing module - Classes and methods to define and execute parsing grammars"
category = "main"
optional = false
python-versions = ">=3.6.8"

[package.extras]
diagrams = ["jinja2", "railroad-diagrams"]

[[package]]
name = "pyserial"
version = "3.5"
description = "Python Serial Port Extension"
category = "main"
optional = false
python-versions = "*"

[package.extras]
cp2110 = ["hidapi"]

[[package]]
name = "pytest"
version = "7.1.3"
description = "pytest: simple powerful testing with Python"
category = "main"
optional = false
python-versions = ">=3.7"

[package.dependencies]
attrs = ">=19.2.0"
colorama = {version = "*", markers = "sys_platform == \"win32\""}
iniconfig = "*"
packaging = "*"
pluggy = ">=0.12,<2.0"
py = ">=1.8.2"
tomli = ">=1.0.0"

[package.extras]
testing = ["argcomplete", "hypothesis (>=3.56)", "mock", "nose", "pygments (>=2.7.2)", "requests", "xmlschema"]

[[package]]
name = "pyusb"
version = "1.2.1"
description = "Python USB access module"
category = "main"
optional = false
python-versions = ">=3.6.0"

[[package]]
name = "pyvcd"
version = "0.2.4"
description = "Python VCD file support"
category = "main"
optional = false
python-versions = ">=3.6"

[[package]]
name = "PyYAML"
version = "6.0"
description = "YAML parser and emitter for Python"
category = "main"
optional = false
python-versions = ">=3.6"

[[package]]
name = "requests"
version = "2.28.1"
description = "Python HTTP for Humans."
category = "main"
optional = false
python-versions = ">=3.7, <4"

[package.dependencies]
certifi = ">=2017.4.17"
charset-normalizer = ">=2,<3"
idna = ">=2.5,<4"
urllib3 = ">=1.21.1,<1.27"

[package.extras]
socks = ["PySocks (>=1.5.6,!=1.5.7)"]
use_chardet_on_py3 = ["chardet (>=3.0.2,<6)"]

[[package]]
name = "tomli"
version = "2.0.1"
description = "A lil' TOML parser"
category = "main"
optional = false
python-versions = ">=3.7"

[[package]]
name = "urllib3"
version = "1.26.12"
description = "HTTP library with thread-safe connection pooling, file post, and more."
category = "main"
optional = false
python-versions = ">=2.7, !=3.0.*, !=3.1.*, !=3.2.*, !=3.3.*, !=3.4.*, !=3.5.*, <4"

[package.extras]
brotli = ["brotli (>=1.0.9)", "brotlicffi (>=0.8.0)", "brotlipy (>=0.6.0)"]
secure = ["certifi", "cryptography (>=1.3.4)", "idna (>=2.0.0)", "ipaddress", "pyOpenSSL (>=0.14)", "urllib3-secure-extra"]
socks = ["PySocks (>=1.5.6,!=1.5.7,<2.0)"]

[[package]]
name = "usb-protocol"
version = "0.0"
description = "python library providing utilities, data structures, constants, parsers, and tools for working with USB data"
category = "main"
optional = false
python-versions = "~=3.7"
develop = false

[package.dependencies]
construct = "*"

[package.source]
type = "git"
url = "https://github.com/usb-tools/python-usb-protocol"
reference = "HEAD"
resolved_reference = "a9830731a8de6946bfee014e6b0188ee83a716f2"

[[package]]
name = "ziglang"
version = "0.8.1"
description = "Zig is a general-purpose programming language and toolchain for maintaining robust, optimal, and reusable software."
category = "main"
optional = false
python-versions = "~=3.5"

[metadata]
lock-version = "1.1"
python-versions = "^3.10"
content-hash = "60d0f17b47e6b7a7bf4bb602e1294c3faf0752c2cd4163c317bbcb2c3eca6621"

[metadata.files]
amaranth = []
amaranth-boards = []
amaranth-soc = []
amaranth-stdio = []
apollo-fpga = [
    {file = "apollo-fpga-0.0.5.tar.gz", hash = "sha256:8cc008a36cb07734470e8c49e9e17fd64944478fb9cfec7211e257ea575eed7d"},
    {file = "apollo_fpga-0.0.5-py3-none-any.whl", hash = "sha256:9b9dcf16646ec0a92581fb95902ddecc6156fc6a552d12ba740e39ed9974a72b"},
]
attrs = [
    {file = "attrs-22.1.0-py2.py3-none-any.whl", hash = "sha256:86efa402f67bf2df34f51a335487cf46b1ec130d02b8d39fd248abfd30da551c"},
    {file = "attrs-22.1.0.tar.gz", hash = "sha256:29adc2665447e5191d0e7c568fde78b21f9672d344281d0c6e1ab085429b22b6"},
]
certifi = [
    {file = "certifi-2022.9.24-py3-none-any.whl", hash = "sha256:90c1a32f1d68f940488354e36370f6cca89f0f106db09518524c88d6ed83f382"},
    {file = "certifi-2022.9.24.tar.gz", hash = "sha256:0d9c601124e5a6ba9712dbc60d9c53c21e34f5f641fe83002317394311bdce14"},
]
charset-normalizer = [
    {file = "charset-normalizer-2.1.1.tar.gz", hash = "sha256:5a3d016c7c547f69d6f81fb0db9449ce888b418b5b9952cc5e6e66843e9dd845"},
    {file = "charset_normalizer-2.1.1-py3-none-any.whl", hash = "sha256:83e9a75d1911279afd89352c68b45348559d1fc0506b054b346651b5e7fee29f"},
]
cocotb = [
    {file = "cocotb-1.7.1-cp310-cp310-macosx_10_9_x86_64.whl", hash = "sha256:917e56ebac90829f32bda8a2f080bb3ad4339c962e1c24a4356bc4c0218d50fe"},
    {file = "cocotb-1.7.1-cp310-cp310-manylinux_2_17_x86_64.manylinux2014_x86_64.whl", hash = "sha256:69564799e548640fc77ef31d0bc0249f16ffcaf67ee05a817b63e6a13bb2e4ae"},
    {file = "cocotb-1.7.1-cp310-cp310-manylinux_2_5_i686.manylinux1_i686.manylinux_2_17_i686.manylinux2014_i686.whl", hash = "sha256:d805aa8fe5350ceb9aeed5c6195c629293390e1e4286085ed3df000cf944cd16"},
    {file = "cocotb-1.7.1-cp310-cp310-win32.whl", hash = "sha256:31ad6be3781979a6061952c65f3679495d3bc4a72de3b91f75c36fd201f19020"},
    {file = "cocotb-1.7.1-cp310-cp310-win_amd64.whl", hash = "sha256:f1a6b024590d2b5568f736c8d8f2112a56a32fc3f9b3c279bbe1c4eacbdeebd9"},
    {file = "cocotb-1.7.1-cp36-cp36m-macosx_10_9_x86_64.whl", hash = "sha256:8ca82b64b922a43c161d010e18564e0fbaaf5146fd9d53eabee99e24c45c02dd"},
    {file = "cocotb-1.7.1-cp36-cp36m-manylinux_2_5_i686.manylinux1_i686.whl", hash = "sha256:681139b2adf27d173cb3ca723e42382be3065fd458d44a808a695c969a3af31f"},
    {file = "cocotb-1.7.1-cp36-cp36m-manylinux_2_5_x86_64.manylinux1_x86_64.whl", hash = "sha256:300c6416f076f04cca43502bd1a2f249327edf076b8b07dde13d85c180016be0"},
    {file = "cocotb-1.7.1-cp36-cp36m-win32.whl", hash = "sha256:2e44754e21ef9b51313b656c4b2b65c82c88f6846fa9f5e5e1f2fe170320b385"},
    {file = "cocotb-1.7.1-cp36-cp36m-win_amd64.whl", hash = "sha256:f6b24a5209cddd7b62e740077b980fb0c81385fc5e2983e4531fb08f6297ed93"},
    {file = "cocotb-1.7.1-cp37-cp37m-macosx_10_9_x86_64.whl", hash = "sha256:5078e824b8c9f96a937ac4ee0229bbff0cda03317e2f2febd05e2826d4bac9ea"},
    {file = "cocotb-1.7.1-cp37-cp37m-manylinux_2_17_x86_64.manylinux2014_x86_64.whl", hash = "sha256:145000852c7fad6e4a6e92740f36e5c809809efaac73ae736d01ab86583468d2"},
    {file = "cocotb-1.7.1-cp37-cp37m-manylinux_2_5_i686.manylinux1_i686.manylinux_2_17_i686.manylinux2014_i686.whl", hash = "sha256:c68c703a9d4230f406c855962c281ee2828e97167f795f2bab7adf839c4ec4df"},
    {file = "cocotb-1.7.1-cp37-cp37m-win32.whl", hash = "sha256:4f8425c5cdee26caeeaa0f262e07e7760883bbfb9536c666619c87e265ea11ec"},
    {file = "cocotb-1.7.1-cp37-cp37m-win_amd64.whl", hash = "sha256:77e5422e5bc7ce88b6aeacfb84ca41a8d6a9f5ff0ac2357e686c786f6c4a8e73"},
    {file = "cocotb-1.7.1-cp38-cp38-macosx_10_9_x86_64.whl", hash = "sha256:c1046c0b8436cb7f7fd79fdb217cd54e2371bb51bb2d16de2e2c0acdd2d71fff"},
    {file = "cocotb-1.7.1-cp38-cp38-manylinux_2_17_x86_64.manylinux2014_x86_64.whl", hash = "sha256:ff9e0626fc24a6e1fa66ef39212aa623cbb3177a9df603d7a97a6b871cbcd740"},
    {file = "cocotb-1.7.1-cp38-cp38-manylinux_2_5_i686.manylinux1_i686.manylinux_2_17_i686.manylinux2014_i686.whl", hash = "sha256:4e5c353009e25f34a14d8231e5114cf966c62a1d8838c15b2fc3fb19474502e9"},
    {file = "cocotb-1.7.1-cp38-cp38-win32.whl", hash = "sha256:140301388228e285b0a2a8ed743cd8a82ac0341052c81387768f0e06b48eca84"},
    {file = "cocotb-1.7.1-cp38-cp38-win_amd64.whl", hash = "sha256:dbec3c9a1b7ba322418162e8710f4432a1825f64f50aecba3f13fcfb6d7c6c3b"},
    {file = "cocotb-1.7.1-cp39-cp39-macosx_10_9_x86_64.whl", hash = "sha256:83f6df0d2b3f3ba429a9f2934a102a0c130f0d78f73162537e2bc0ef31d903e5"},
    {file = "cocotb-1.7.1-cp39-cp39-manylinux_2_17_x86_64.manylinux2014_x86_64.whl", hash = "sha256:2d3e91dd0e7e689eb6194418ea9a833b6b8d24d512794a98b8005320502ab869"},
    {file = "cocotb-1.7.1-cp39-cp39-manylinux_2_5_i686.manylinux1_i686.manylinux_2_17_i686.manylinux2014_i686.whl", hash = "sha256:3e8148cdd68188baa9243d87c37badb19e7a1ddb6b582397e42526b033f92050"},
    {file = "cocotb-1.7.1-cp39-cp39-win32.whl", hash = "sha256:4873315122f7f673d762471dacb357b5d2c1e6658548ef4ee1b40f314d7a18d5"},
    {file = "cocotb-1.7.1-cp39-cp39-win_amd64.whl", hash = "sha256:ab84c58e56fd83710c5f443e5d97de9ba39a4375d40d00f422716ccbf2aaafc9"},
    {file = "cocotb-1.7.1.tar.gz", hash = "sha256:1f390bb6468d70e04acebeb9ff05b54be42cbbbbbb3bd6c75d1ec0a36cb97e23"},
]
cocotb-test = []
colorama = [
    {file = "colorama-0.4.5-py2.py3-none-any.whl", hash = "sha256:854bf444933e37f5824ae7bfc1e98d5bce2ebe4160d46b5edf346a89358e99da"},
    {file = "colorama-0.4.5.tar.gz", hash = "sha256:e6c6b4334fc50988a639d9b98aa429a0b57da6e17b9a44f0451f930b6967b7a4"},
]
construct = [
    {file = "construct-2.10.68.tar.gz", hash = "sha256:7b2a3fd8e5f597a5aa1d614c3bd516fa065db01704c72a1efaaeec6ef23d8b45"},
]
idna = [
    {file = "idna-3.4-py3-none-any.whl", hash = "sha256:90b77e79eaa3eba6de819a0c442c0b4ceefc341a7a2ab77d7562bf49f425c5c2"},
    {file = "idna-3.4.tar.gz", hash = "sha256:814f528e8dead7d329833b91c5faa87d60bf71824cd12a7530b5526063d02cb4"},
]
iniconfig = [
    {file = "iniconfig-1.1.1-py2.py3-none-any.whl", hash = "sha256:011e24c64b7f47f6ebd835bb12a743f2fbe9a26d4cecaa7f53bc4f35ee9da8b3"},
    {file = "iniconfig-1.1.1.tar.gz", hash = "sha256:bc3af051d7d14b2ee5ef9969666def0cd1a000e121eaea580d4a313df4b37f32"},
]
Jinja2 = [
    {file = "Jinja2-3.1.2-py3-none-any.whl", hash = "sha256:6088930bfe239f0e6710546ab9c19c9ef35e29792895fed6e6e31a023a182a61"},
    {file = "Jinja2-3.1.2.tar.gz", hash = "sha256:31351a702a408a9e7595a8fc6150fc3f43bb6bf7e319770cbc0db9df9437e852"},
]
lambdasoc = []
libusb1 = [
    {file = "libusb1-1.9.3-py2-none-any.whl", hash = "sha256:891d331836d4a97f06c484c44c2e6ecafc1402551f395aa753d436c6aa6304ad"},
    {file = "libusb1-1.9.3-py2-none-win32.whl", hash = "sha256:a3227b010d8b6322d47a66c438a562cbb02793db0ecd68f35cb3bd2d575f2a6e"},
    {file = "libusb1-1.9.3-py2-none-win_amd64.whl", hash = "sha256:98376b9e40df25dfc2dcdec1b056f28c2b28ca6caf46e93d9bebeea29a949c0e"},
    {file = "libusb1-1.9.3-py3-none-any.whl", hash = "sha256:f40a09e37b656c9bb48b1c83ef74ca0c8d7e5b0888168ea54733832f6eac1ec4"},
    {file = "libusb1-1.9.3-py3-none-win32.whl", hash = "sha256:86792164d5b5b96bdd4f186b2502f70e19c09b2086fa9b39711c3b16703948a9"},
    {file = "libusb1-1.9.3-py3-none-win_amd64.whl", hash = "sha256:8465e042c95b0a3fb8ea11472d2b3a73987af28780a802637ff70c4e6de46335"},
    {file = "libusb1-1.9.3.tar.gz", hash = "sha256:60e6ce37be064f6e51d02b25da44230ecc9c0b1fdb6f14568c71457d963c1749"},
]
litedram = []
litesdcard = []
litex = []
luna = []
MarkupSafe = [
    {file = "MarkupSafe-2.1.1-cp310-cp310-macosx_10_9_universal2.whl", hash = "sha256:86b1f75c4e7c2ac2ccdaec2b9022845dbb81880ca318bb7a0a01fbf7813e3812"},
    {file = "MarkupSafe-2.1.1-cp310-cp310-macosx_10_9_x86_64.whl", hash = "sha256:f121a1420d4e173a5d96e47e9a0c0dcff965afdf1626d28de1460815f7c4ee7a"},
    {file = "MarkupSafe-2.1.1-cp310-cp310-manylinux_2_17_aarch64.manylinux2014_aarch64.whl", hash = "sha256:a49907dd8420c5685cfa064a1335b6754b74541bbb3706c259c02ed65b644b3e"},
    {file = "MarkupSafe-2.1.1-cp310-cp310-manylinux_2_17_x86_64.manylinux2014_x86_64.whl", hash = "sha256:10c1bfff05d95783da83491be968e8fe789263689c02724e0c691933c52994f5"},
    {file = "MarkupSafe-2.1.1-cp310-cp310-manylinux_2_5_i686.manylinux1_i686.manylinux_2_17_i686.manylinux2014_i686.whl", hash = "sha256:b7bd98b796e2b6553da7225aeb61f447f80a1ca64f41d83612e6139ca5213aa4"},
    {file = "MarkupSafe-2.1.1-cp310-cp310-musllinux_1_1_aarch64.whl", hash = "sha256:b09bf97215625a311f669476f44b8b318b075847b49316d3e28c08e41a7a573f"},
    {file = "MarkupSafe-2.1.1-cp310-cp310-musllinux_1_1_i686.whl", hash = "sha256:694deca8d702d5db21ec83983ce0bb4b26a578e71fbdbd4fdcd387daa90e4d5e"},
    {file = "MarkupSafe-2.1.1-cp310-cp310-musllinux_1_1_x86_64.whl", hash = "sha256:efc1913fd2ca4f334418481c7e595c00aad186563bbc1ec76067848c7ca0a933"},
    {file = "MarkupSafe-2.1.1-cp310-cp310-win32.whl", hash = "sha256:4a33dea2b688b3190ee12bd7cfa29d39c9ed176bda40bfa11099a3ce5d3a7ac6"},
    {file = "MarkupSafe-2.1.1-cp310-cp310-win_amd64.whl", hash = "sha256:dda30ba7e87fbbb7eab1ec9f58678558fd9a6b8b853530e176eabd064da81417"},
    {file = "MarkupSafe-2.1.1-cp37-cp37m-macosx_10_9_x86_64.whl", hash = "sha256:671cd1187ed5e62818414afe79ed29da836dde67166a9fac6d435873c44fdd02"},
    {file = "MarkupSafe-2.1.1-cp37-cp37m-manylinux_2_17_aarch64.manylinux2014_aarch64.whl", hash = "sha256:3799351e2336dc91ea70b034983ee71cf2f9533cdff7c14c90ea126bfd95d65a"},
    {file = "MarkupSafe-2.1.1-cp37-cp37m-manylinux_2_17_x86_64.manylinux2014_x86_64.whl", hash = "sha256:e72591e9ecd94d7feb70c1cbd7be7b3ebea3f548870aa91e2732960fa4d57a37"},
    {file = "MarkupSafe-2.1.1-cp37-cp37m-manylinux_2_5_i686.manylinux1_i686.manylinux_2_17_i686.manylinux2014_i686.whl", hash = "sha256:6fbf47b5d3728c6aea2abb0589b5d30459e369baa772e0f37a0320185e87c980"},
    {file = "MarkupSafe-2.1.1-cp37-cp37m-musllinux_1_1_aarch64.whl", hash = "sha256:d5ee4f386140395a2c818d149221149c54849dfcfcb9f1debfe07a8b8bd63f9a"},
    {file = "MarkupSafe-2.1.1-cp37-cp37m-musllinux_1_1_i686.whl", hash = "sha256:bcb3ed405ed3222f9904899563d6fc492ff75cce56cba05e32eff40e6acbeaa3"},
    {file = "MarkupSafe-2.1.1-cp37-cp37m-musllinux_1_1_x86_64.whl", hash = "sha256:e1c0b87e09fa55a220f058d1d49d3fb8df88fbfab58558f1198e08c1e1de842a"},
    {file = "MarkupSafe-2.1.1-cp37-cp37m-win32.whl", hash = "sha256:8dc1c72a69aa7e082593c4a203dcf94ddb74bb5c8a731e4e1eb68d031e8498ff"},
    {file = "MarkupSafe-2.1.1-cp37-cp37m-win_amd64.whl", hash = "sha256:97a68e6ada378df82bc9f16b800ab77cbf4b2fada0081794318520138c088e4a"},
    {file = "MarkupSafe-2.1.1-cp38-cp38-macosx_10_9_universal2.whl", hash = "sha256:e8c843bbcda3a2f1e3c2ab25913c80a3c5376cd00c6e8c4a86a89a28c8dc5452"},
    {file = "MarkupSafe-2.1.1-cp38-cp38-macosx_10_9_x86_64.whl", hash = "sha256:0212a68688482dc52b2d45013df70d169f542b7394fc744c02a57374a4207003"},
    {file = "MarkupSafe-2.1.1-cp38-cp38-manylinux_2_17_aarch64.manylinux2014_aarch64.whl", hash = "sha256:8e576a51ad59e4bfaac456023a78f6b5e6e7651dcd383bcc3e18d06f9b55d6d1"},
    {file = "MarkupSafe-2.1.1-cp38-cp38-manylinux_2_17_x86_64.manylinux2014_x86_64.whl", hash = "sha256:4b9fe39a2ccc108a4accc2676e77da025ce383c108593d65cc909add5c3bd601"},
    {file = "MarkupSafe-2.1.1-cp38-cp38-manylinux_2_5_i686.manylinux1_i686.manylinux_2_17_i686.manylinux2014_i686.whl", hash = "sha256:96e37a3dc86e80bf81758c152fe66dbf60ed5eca3d26305edf01892257049925"},
    {file = "MarkupSafe-2.1.1-cp38-cp38-musllinux_1_1_aarch64.whl", hash = "sha256:6d0072fea50feec76a4c418096652f2c3238eaa014b2f94aeb1d56a66b41403f"},
    {file = "MarkupSafe-2.1.1-cp38-cp38-musllinux_1_1_i686.whl", hash = "sha256:089cf3dbf0cd6c100f02945abeb18484bd1ee57a079aefd52cffd17fba910b88"},
    {file = "MarkupSafe-2.1.1-cp38-cp38-musllinux_1_1_x86_64.whl", hash = "sha256:6a074d34ee7a5ce3effbc526b7083ec9731bb3cbf921bbe1d3005d4d2bdb3a63"},
    {file = "MarkupSafe-2.1.1-cp38-cp38-win32.whl", hash = "sha256:421be9fbf0ffe9ffd7a378aafebbf6f4602d564d34be190fc19a193232fd12b1"},
    {file = "MarkupSafe-2.1.1-cp38-cp38-win_amd64.whl", hash = "sha256:fc7b548b17d238737688817ab67deebb30e8073c95749d55538ed473130ec0c7"},
    {file = "MarkupSafe-2.1.1-cp39-cp39-macosx_10_9_universal2.whl", hash = "sha256:e04e26803c9c3851c931eac40c695602c6295b8d432cbe78609649ad9bd2da8a"},
    {file = "MarkupSafe-2.1.1-cp39-cp39-macosx_10_9_x86_64.whl", hash = "sha256:b87db4360013327109564f0e591bd2a3b318547bcef31b468a92ee504d07ae4f"},
    {file = "MarkupSafe-2.1.1-cp39-cp39-manylinux_2_17_aarch64.manylinux2014_aarch64.whl", hash = "sha256:99a2a507ed3ac881b975a2976d59f38c19386d128e7a9a18b7df6fff1fd4c1d6"},
    {file = "MarkupSafe-2.1.1-cp39-cp39-manylinux_2_17_x86_64.manylinux2014_x86_64.whl", hash = "sha256:56442863ed2b06d19c37f94d999035e15ee982988920e12a5b4ba29b62ad1f77"},
    {file = "MarkupSafe-2.1.1-cp39-cp39-manylinux_2_5_i686.manylinux1_i686.manylinux_2_17_i686.manylinux2014_i686.whl", hash = "sha256:3ce11ee3f23f79dbd06fb3d63e2f6af7b12db1d46932fe7bd8afa259a5996603"},
    {file = "MarkupSafe-2.1.1-cp39-cp39-musllinux_1_1_aarch64.whl", hash = "sha256:33b74d289bd2f5e527beadcaa3f401e0df0a89927c1559c8566c066fa4248ab7"},
    {file = "MarkupSafe-2.1.1-cp39-cp39-musllinux_1_1_i686.whl", hash = "sha256:43093fb83d8343aac0b1baa75516da6092f58f41200907ef92448ecab8825135"},
    {file = "MarkupSafe-2.1.1-cp39-cp39-musllinux_1_1_x86_64.whl", hash = "sha256:8e3dcf21f367459434c18e71b2a9532d96547aef8a871872a5bd69a715c15f96"},
    {file = "MarkupSafe-2.1.1-cp39-cp39-win32.whl", hash = "sha256:d4306c36ca495956b6d568d276ac11fdd9c30a36f1b6eb928070dc5360b22e1c"},
    {file = "MarkupSafe-2.1.1-cp39-cp39-win_amd64.whl", hash = "sha256:46d00d6cfecdde84d40e572d63735ef81423ad31184100411e6e3388d405e247"},
    {file = "MarkupSafe-2.1.1.tar.gz", hash = "sha256:7f91197cc9e48f989d12e4e6fbc46495c446636dfc81b9ccf50bb0ec74b91d4b"},
]
migen = []
minerva = []
packaging = [
    {file = "packaging-21.3-py3-none-any.whl", hash = "sha256:ef103e05f519cdc783ae24ea4e2e0f508a9c99b2d4969652eed6a2e1ea5bd522"},
    {file = "packaging-21.3.tar.gz", hash = "sha256:dd47c42927d89ab911e606518907cc2d3a1f38bbd026385970643f9c5b8ecfeb"},
]
pluggy = [
    {file = "pluggy-1.0.0-py2.py3-none-any.whl", hash = "sha256:74134bbf457f031a36d68416e1509f34bd5ccc019f0bcc952c7b909d06b37bd3"},
    {file = "pluggy-1.0.0.tar.gz", hash = "sha256:4224373bacce55f955a878bf9cfa763c1e360858e330072059e10bad68531159"},
]
py = [
    {file = "py-1.11.0-py2.py3-none-any.whl", hash = "sha256:607c53218732647dff4acdfcd50cb62615cedf612e72d1724fb1a0cc6405b378"},
    {file = "py-1.11.0.tar.gz", hash = "sha256:51c75c4126074b472f746a24399ad32f6053d1b34b68d2fa41e558e6f4a98719"},
]
pyftdi = [
    {file = "pyftdi-0.53.3-py3-none-any.whl", hash = "sha256:6e86880ec6d66389de643ca83de5d59fffea3bd334f492e12fab71a832f878a2"},
    {file = "pyftdi-0.53.3.tar.gz", hash = "sha256:4ef20c246bdb0f278d283337d7a6e69cf9bdb0ead525e7ad867d9e46ad26e613"},
]
pyparsing = [
    {file = "pyparsing-3.0.9-py3-none-any.whl", hash = "sha256:5026bae9a10eeaefb61dab2f09052b9f4307d44aee4eda64b309723d8d206bbc"},
    {file = "pyparsing-3.0.9.tar.gz", hash = "sha256:2b020ecf7d21b687f219b71ecad3631f644a47f01403fa1d1036b0c6416d70fb"},
]
pyserial = [
    {file = "pyserial-3.5-py2.py3-none-any.whl", hash = "sha256:c4451db6ba391ca6ca299fb3ec7bae67a5c55dde170964c7a14ceefec02f2cf0"},
    {file = "pyserial-3.5.tar.gz", hash = "sha256:3c77e014170dfffbd816e6ffc205e9842efb10be9f58ec16d3e8675b4925cddb"},
]
pytest = [
    {file = "pytest-7.1.3-py3-none-any.whl", hash = "sha256:1377bda3466d70b55e3f5cecfa55bb7cfcf219c7964629b967c37cf0bda818b7"},
    {file = "pytest-7.1.3.tar.gz", hash = "sha256:4f365fec2dff9c1162f834d9f18af1ba13062db0c708bf7b946f8a5c76180c39"},
]
pyusb = [
    {file = "pyusb-1.2.1-py3-none-any.whl", hash = "sha256:2b4c7cb86dbadf044dfb9d3a4ff69fd217013dbe78a792177a3feb172449ea36"},
    {file = "pyusb-1.2.1.tar.gz", hash = "sha256:a4cc7404a203144754164b8b40994e2849fde1cfff06b08492f12fff9d9de7b9"},
]
pyvcd = [
    {file = "pyvcd-0.2.4-py2.py3-none-any.whl", hash = "sha256:c40b0e586a74cddaf82e6989f0168ae7f9b4f182a9a106a0da9df0d11a9c6b3b"},
    {file = "pyvcd-0.2.4.tar.gz", hash = "sha256:071e51a8362908ad5a2a12f078185639b98b20b653a56f01679de169d0fa425d"},
]
PyYAML = [
    {file = "PyYAML-6.0-cp310-cp310-macosx_10_9_x86_64.whl", hash = "sha256:d4db7c7aef085872ef65a8fd7d6d09a14ae91f691dec3e87ee5ee0539d516f53"},
    {file = "PyYAML-6.0-cp310-cp310-macosx_11_0_arm64.whl", hash = "sha256:9df7ed3b3d2e0ecfe09e14741b857df43adb5a3ddadc919a2d94fbdf78fea53c"},
    {file = "PyYAML-6.0-cp310-cp310-manylinux_2_17_aarch64.manylinux2014_aarch64.whl", hash = "sha256:77f396e6ef4c73fdc33a9157446466f1cff553d979bd00ecb64385760c6babdc"},
    {file = "PyYAML-6.0-cp310-cp310-manylinux_2_17_s390x.manylinux2014_s390x.whl", hash = "sha256:a80a78046a72361de73f8f395f1f1e49f956c6be882eed58505a15f3e430962b"},
    {file = "PyYAML-6.0-cp310-cp310-manylinux_2_5_x86_64.manylinux1_x86_64.manylinux_2_12_x86_64.manylinux2010_x86_64.whl", hash = "sha256:f84fbc98b019fef2ee9a1cb3ce93e3187a6df0b2538a651bfb890254ba9f90b5"},
    {file = "PyYAML-6.0-cp310-cp310-win32.whl", hash = "sha256:2cd5df3de48857ed0544b34e2d40e9fac445930039f3cfe4bcc592a1f836d513"},
    {file = "PyYAML-6.0-cp310-cp310-win_amd64.whl", hash = "sha256:daf496c58a8c52083df09b80c860005194014c3698698d1a57cbcfa182142a3a"},
    {file = "PyYAML-6.0-cp311-cp311-macosx_10_9_x86_64.whl", hash = "sha256:d4b0ba9512519522b118090257be113b9468d804b19d63c71dbcf4a48fa32358"},
    {file = "PyYAML-6.0-cp311-cp311-macosx_11_0_arm64.whl", hash = "sha256:81957921f441d50af23654aa6c5e5eaf9b06aba7f0a19c18a538dc7ef291c5a1"},
    {file = "PyYAML-6.0-cp311-cp311-manylinux_2_17_aarch64.manylinux2014_aarch64.whl", hash = "sha256:afa17f5bc4d1b10afd4466fd3a44dc0e245382deca5b3c353d8b757f9e3ecb8d"},
    {file = "PyYAML-6.0-cp311-cp311-manylinux_2_17_s390x.manylinux2014_s390x.whl", hash = "sha256:dbad0e9d368bb989f4515da330b88a057617d16b6a8245084f1b05400f24609f"},
    {file = "PyYAML-6.0-cp311-cp311-manylinux_2_17_x86_64.manylinux2014_x86_64.whl", hash = "sha256:432557aa2c09802be39460360ddffd48156e30721f5e8d917f01d31694216782"},
    {file = "PyYAML-6.0-cp311-cp311-win32.whl", hash = "sha256:bfaef573a63ba8923503d27530362590ff4f576c626d86a9fed95822a8255fd7"},
    {file = "PyYAML-6.0-cp311-cp311-win_amd64.whl", hash = "sha256:01b45c0191e6d66c470b6cf1b9531a771a83c1c4208272ead47a3ae4f2f603bf"},
    {file = "PyYAML-6.0-cp36-cp36m-macosx_10_9_x86_64.whl", hash = "sha256:897b80890765f037df3403d22bab41627ca8811ae55e9a722fd0392850ec4d86"},
    {file = "PyYAML-6.0-cp36-cp36m-manylinux_2_17_aarch64.manylinux2014_aarch64.whl", hash = "sha256:50602afada6d6cbfad699b0c7bb50d5ccffa7e46a3d738092afddc1f9758427f"},
    {file = "PyYAML-6.0-cp36-cp36m-manylinux_2_17_s390x.manylinux2014_s390x.whl", hash = "sha256:48c346915c114f5fdb3ead70312bd042a953a8ce5c7106d5bfb1a5254e47da92"},
    {file = "PyYAML-6.0-cp36-cp36m-manylinux_2_5_x86_64.manylinux1_x86_64.manylinux_2_12_x86_64.manylinux2010_x86_64.whl", hash = "sha256:98c4d36e99714e55cfbaaee6dd5badbc9a1ec339ebfc3b1f52e293aee6bb71a4"},
    {file = "PyYAML-6.0-cp36-cp36m-win32.whl", hash = "sha256:0283c35a6a9fbf047493e3a0ce8d79ef5030852c51e9d911a27badfde0605293"},
    {file = "PyYAML-6.0-cp36-cp36m-win_amd64.whl", hash = "sha256:07751360502caac1c067a8132d150cf3d61339af5691fe9e87803040dbc5db57"},
    {file = "PyYAML-6.0-cp37-cp37m-macosx_10_9_x86_64.whl", hash = "sha256:819b3830a1543db06c4d4b865e70ded25be52a2e0631ccd2f6a47a2822f2fd7c"},
    {file = "PyYAML-6.0-cp37-cp37m-manylinux_2_17_aarch64.manylinux2014_aarch64.whl", hash = "sha256:473f9edb243cb1935ab5a084eb238d842fb8f404ed2193a915d1784b5a6b5fc0"},
    {file = "PyYAML-6.0-cp37-cp37m-manylinux_2_17_s390x.manylinux2014_s390x.whl", hash = "sha256:0ce82d761c532fe4ec3f87fc45688bdd3a4c1dc5e0b4a19814b9009a29baefd4"},
    {file = "PyYAML-6.0-cp37-cp37m-manylinux_2_5_x86_64.manylinux1_x86_64.manylinux_2_12_x86_64.manylinux2010_x86_64.whl", hash = "sha256:231710d57adfd809ef5d34183b8ed1eeae3f76459c18fb4a0b373ad56bedcdd9"},
    {file = "PyYAML-6.0-cp37-cp37m-win32.whl", hash = "sha256:c5687b8d43cf58545ade1fe3e055f70eac7a5a1a0bf42824308d868289a95737"},
    {file = "PyYAML-6.0-cp37-cp37m-win_amd64.whl", hash = "sha256:d15a181d1ecd0d4270dc32edb46f7cb7733c7c508857278d3d378d14d606db2d"},
    {file = "PyYAML-6.0-cp38-cp38-macosx_10_9_x86_64.whl", hash = "sha256:0b4624f379dab24d3725ffde76559cff63d9ec94e1736b556dacdfebe5ab6d4b"},
    {file = "PyYAML-6.0-cp38-cp38-manylinux_2_17_aarch64.manylinux2014_aarch64.whl", hash = "sha256:213c60cd50106436cc818accf5baa1aba61c0189ff610f64f4a3e8c6726218ba"},
    {file = "PyYAML-6.0-cp38-cp38-manylinux_2_17_s390x.manylinux2014_s390x.whl", hash = "sha256:9fa600030013c4de8165339db93d182b9431076eb98eb40ee068700c9c813e34"},
    {file = "PyYAML-6.0-cp38-cp38-manylinux_2_5_x86_64.manylinux1_x86_64.manylinux_2_12_x86_64.manylinux2010_x86_64.whl", hash = "sha256:277a0ef2981ca40581a47093e9e2d13b3f1fbbeffae064c1d21bfceba2030287"},
    {file = "PyYAML-6.0-cp38-cp38-win32.whl", hash = "sha256:d4eccecf9adf6fbcc6861a38015c2a64f38b9d94838ac1810a9023a0609e1b78"},
    {file = "PyYAML-6.0-cp38-cp38-win_amd64.whl", hash = "sha256:1e4747bc279b4f613a09eb64bba2ba602d8a6664c6ce6396a4d0cd413a50ce07"},
    {file = "PyYAML-6.0-cp39-cp39-macosx_10_9_x86_64.whl", hash = "sha256:055d937d65826939cb044fc8c9b08889e8c743fdc6a32b33e2390f66013e449b"},
    {file = "PyYAML-6.0-cp39-cp39-macosx_11_0_arm64.whl", hash = "sha256:e61ceaab6f49fb8bdfaa0f92c4b57bcfbea54c09277b1b4f7ac376bfb7a7c174"},
    {file = "PyYAML-6.0-cp39-cp39-manylinux_2_17_aarch64.manylinux2014_aarch64.whl", hash = "sha256:d67d839ede4ed1b28a4e8909735fc992a923cdb84e618544973d7dfc71540803"},
    {file = "PyYAML-6.0-cp39-cp39-manylinux_2_17_s390x.manylinux2014_s390x.whl", hash = "sha256:cba8c411ef271aa037d7357a2bc8f9ee8b58b9965831d9e51baf703280dc73d3"},
    {file = "PyYAML-6.0-cp39-cp39-manylinux_2_5_x86_64.manylinux1_x86_64.manylinux_2_12_x86_64.manylinux2010_x86_64.whl", hash = "sha256:40527857252b61eacd1d9af500c3337ba8deb8fc298940291486c465c8b46ec0"},
    {file = "PyYAML-6.0-cp39-cp39-win32.whl", hash = "sha256:b5b9eccad747aabaaffbc6064800670f0c297e52c12754eb1d976c57e4f74dcb"},
    {file = "PyYAML-6.0-cp39-cp39-win_amd64.whl", hash = "sha256:b3d267842bf12586ba6c734f89d1f5b871df0273157918b0ccefa29deb05c21c"},
    {file = "PyYAML-6.0.tar.gz", hash = "sha256:68fb519c14306fec9720a2a5b45bc9f0c8d1b9c72adf45c37baedfcd949c35a2"},
]
requests = [
    {file = "requests-2.28.1-py3-none-any.whl", hash = "sha256:8fefa2a1a1365bf5520aac41836fbee479da67864514bdb821f31ce07ce65349"},
    {file = "requests-2.28.1.tar.gz", hash = "sha256:7c5599b102feddaa661c826c56ab4fee28bfd17f5abca1ebbe3e7f19d7c97983"},
]
tomli = [
    {file = "tomli-2.0.1-py3-none-any.whl", hash = "sha256:939de3e7a6161af0c887ef91b7d41a53e7c5a1ca976325f429cb46ea9bc30ecc"},
    {file = "tomli-2.0.1.tar.gz", hash = "sha256:de526c12914f0c550d15924c62d72abc48d6fe7364aa87328337a31007fe8a4f"},
]
urllib3 = [
    {file = "urllib3-1.26.12-py2.py3-none-any.whl", hash = "sha256:b930dd878d5a8afb066a637fbb35144fe7901e3b209d1cd4f524bd0e9deee997"},
    {file = "urllib3-1.26.12.tar.gz", hash = "sha256:3fa96cf423e6987997fc326ae8df396db2a8b7c667747d47ddd8ecba91f4a74e"},
]
usb-protocol = []
ziglang = [
    {file = "ziglang-0.8.1-py3-none-macosx_10_9_x86_64.whl", hash = "sha256:75fcfc3420d5c8e5f357c825012e257e3291cbf7cbba1d36b71234b11a2cc6ea"},
    {file = "ziglang-0.8.1-py3-none-macosx_11_0_arm64.whl", hash = "sha256:23cb31c5dc576b9be780892ab622f964671876522138dddb71779a2d168fc15f"},
    {file = "ziglang-0.8.1-py3-none-manylinux_2_12_i686.manylinux2010_i686.whl", hash = "sha256:d7bbfff3ed2d69f7f80efbf3922e7b66643a350cbee7e10ede5803e575a39f6f"},
    {file = "ziglang-0.8.1-py3-none-manylinux_2_12_x86_64.manylinux2010_x86_64.whl", hash = "sha256:fe6660b61df1b4ea091f240c5988f90854cd34cec8f1e388c61ddfb4a258ff33"},
    {file = "ziglang-0.8.1-py3-none-manylinux_2_17_aarch64.manylinux2014_aarch64.whl", hash = "sha256:3c9c875282b53cfb3fb444578a421f4eb941cf3ecb976b7ea038c8981776bacc"},
    {file = "ziglang-0.8.1-py3-none-manylinux_2_17_armv7l.manylinux2014_armv7l.whl", hash = "sha256:d77c54000577075e963105746e3dc95e2a76848f3ded109e7f790d90fbef93bb"},
    {file = "ziglang-0.8.1-py3-none-win32.whl", hash = "sha256:be37993dd0a36f9aebcf43ded310599bd68bd15c8cbda35eed0a338566f74108"},
    {file = "ziglang-0.8.1-py3-none-win_amd64.whl", hash = "sha256:222b643152ef9398cbc01948937582628878d2eabdfad45c81ad624bca8b1ef5"},
]
